// !$*UTF8*$!
{
	archiveVersion = 1;
	classes = {
	};
	objectVersion = 50;
	objects = {

/* Begin PBXBuildFile section */
		07F7B9FFB35C9B3986EBC18B /* Pods_Computation.framework in Frameworks */ = {isa = PBXBuildFile; fileRef = 2053A08CC1EE0B959E72C120 /* Pods_Computation.framework */; };
		8804E83821D239B400959CF3 /* AppDelegate.swift in Sources */ = {isa = PBXBuildFile; fileRef = 8804E83721D239B400959CF3 /* AppDelegate.swift */; };
		8804E83D21D239B400959CF3 /* Main.storyboard in Resources */ = {isa = PBXBuildFile; fileRef = 8804E83B21D239B400959CF3 /* Main.storyboard */; };
		8804E83F21D239B600959CF3 /* Assets.xcassets in Resources */ = {isa = PBXBuildFile; fileRef = 8804E83E21D239B600959CF3 /* Assets.xcassets */; };
		8804E84221D239B600959CF3 /* LaunchScreen.storyboard in Resources */ = {isa = PBXBuildFile; fileRef = 8804E84021D239B600959CF3 /* LaunchScreen.storyboard */; };
		8804E84A21D37B1800959CF3 /* MainTableViewController.swift in Sources */ = {isa = PBXBuildFile; fileRef = 8804E84921D37B1800959CF3 /* MainTableViewController.swift */; };
		885EE2C7221EC0D100449F68 /* Computation.framework in Frameworks */ = {isa = PBXBuildFile; fileRef = 885EE2BE221EC0D100449F68 /* Computation.framework */; };
		885EE2CE221EC0D100449F68 /* ComputationTests.swift in Sources */ = {isa = PBXBuildFile; fileRef = 885EE2CD221EC0D100449F68 /* ComputationTests.swift */; };
		885EE2D0221EC0D100449F68 /* Computation.h in Headers */ = {isa = PBXBuildFile; fileRef = 885EE2C0221EC0D100449F68 /* Computation.h */; settings = {ATTRIBUTES = (Public, ); }; };
		885EE2D3221EC0D100449F68 /* Computation.framework in Frameworks */ = {isa = PBXBuildFile; fileRef = 885EE2BE221EC0D100449F68 /* Computation.framework */; };
		885EE2D4221EC0D100449F68 /* Computation.framework in Embed Frameworks */ = {isa = PBXBuildFile; fileRef = 885EE2BE221EC0D100449F68 /* Computation.framework */; settings = {ATTRIBUTES = (CodeSignOnCopy, RemoveHeadersOnCopy, ); }; };
		885EE2E4221EC0EB00449F68 /* Factorization.swift in Sources */ = {isa = PBXBuildFile; fileRef = 88728DF421EE24D600A555D3 /* Factorization.swift */; };
		885EE2E5221EC0EB00449F68 /* Computation.swift in Sources */ = {isa = PBXBuildFile; fileRef = 885F23482208B959009F4D89 /* Computation.swift */; };
		885EE2E7221EC0EB00449F68 /* Evaluation.swift in Sources */ = {isa = PBXBuildFile; fileRef = 887182E121DD332E00142C6C /* Evaluation.swift */; };
		885EE2E8221EC0EB00449F68 /* Result.swift in Sources */ = {isa = PBXBuildFile; fileRef = 885F234A2208B98C009F4D89 /* Result.swift */; };
		885EE2E9221EC0EB00449F68 /* Constants.swift in Sources */ = {isa = PBXBuildFile; fileRef = 88A6366521DE51FD005915AB /* Constants.swift */; };
		885EE2EA221EC1B500449F68 /* Preferences.swift in Sources */ = {isa = PBXBuildFile; fileRef = 887182D721D77E9000142C6C /* Preferences.swift */; };
		885EE2EB221EC21800449F68 /* MathParserErrors.swift in Sources */ = {isa = PBXBuildFile; fileRef = 8861E39E21D634D50082E088 /* MathParserErrors.swift */; };
		885EE2EC221EC21800449F68 /* LocalizedNumberExtractor.swift in Sources */ = {isa = PBXBuildFile; fileRef = 8861E39F21D634D50082E088 /* LocalizedNumberExtractor.swift */; };
		885EE2ED221EC21800449F68 /* VariableExtractor.swift in Sources */ = {isa = PBXBuildFile; fileRef = 8861E3A021D634D50082E088 /* VariableExtractor.swift */; };
		885EE2EE221EC21800449F68 /* OctalNumberExtractor.swift in Sources */ = {isa = PBXBuildFile; fileRef = 8861E3A121D634D50082E088 /* OctalNumberExtractor.swift */; };
		885EE2EF221EC21800449F68 /* SubstitutionExtensions.swift in Sources */ = {isa = PBXBuildFile; fileRef = 8861E3A221D634D50082E088 /* SubstitutionExtensions.swift */; };
		885EE2F0221EC21800449F68 /* Either.swift in Sources */ = {isa = PBXBuildFile; fileRef = 8861E3A321D634D50082E088 /* Either.swift */; };
		885EE2F1221EC21800449F68 /* Evaluator.swift in Sources */ = {isa = PBXBuildFile; fileRef = 8861E3A421D634D50082E088 /* Evaluator.swift */; };
		885EE2F2221EC21800449F68 /* PeekingIterator.swift in Sources */ = {isa = PBXBuildFile; fileRef = 8861E3A521D634D50082E088 /* PeekingIterator.swift */; };
		885EE2F3221EC21800449F68 /* Expression.swift in Sources */ = {isa = PBXBuildFile; fileRef = 8861E3A621D634D50082E088 /* Expression.swift */; };
		885EE2F4221EC21800449F68 /* ExpressionRewriter.swift in Sources */ = {isa = PBXBuildFile; fileRef = 8861E3A721D634D50082E088 /* ExpressionRewriter.swift */; };
		885EE2F5221EC21800449F68 /* RewriteRule.swift in Sources */ = {isa = PBXBuildFile; fileRef = 8861E3A821D634D50082E088 /* RewriteRule.swift */; };
		885EE2F6221EC21800449F68 /* IdentifierExtractor.swift in Sources */ = {isa = PBXBuildFile; fileRef = 8861E3AA21D634D50082E088 /* IdentifierExtractor.swift */; };
		885EE2F7221EC21800449F68 /* Functions+Defaults.swift in Sources */ = {isa = PBXBuildFile; fileRef = 8861E3AB21D634D50082E088 /* Functions+Defaults.swift */; };
		885EE2F8221EC21800449F68 /* Operator.swift in Sources */ = {isa = PBXBuildFile; fileRef = 8861E3AC21D634D50082E088 /* Operator.swift */; };
		885EE2F9221EC21800449F68 /* DynamicResolution.swift in Sources */ = {isa = PBXBuildFile; fileRef = 8861E3AD21D634D50082E088 /* DynamicResolution.swift */; };
		885EE2FA221EC21800449F68 /* Character.swift in Sources */ = {isa = PBXBuildFile; fileRef = 8861E3AE21D634D50082E088 /* Character.swift */; };
		885EE2FB221EC21800449F68 /* RawToken.swift in Sources */ = {isa = PBXBuildFile; fileRef = 8861E3AF21D634D50082E088 /* RawToken.swift */; };
		885EE2FC221EC21800449F68 /* OperatorExtractor.swift in Sources */ = {isa = PBXBuildFile; fileRef = 8861E3B021D634D50082E088 /* OperatorExtractor.swift */; };
		885EE2FD221EC21800449F68 /* HexNumberExtractor.swift in Sources */ = {isa = PBXBuildFile; fileRef = 8861E3B121D634D50082E088 /* HexNumberExtractor.swift */; };
		885EE2FE221EC21800449F68 /* Tokenizer.swift in Sources */ = {isa = PBXBuildFile; fileRef = 8861E3B221D634D50082E088 /* Tokenizer.swift */; };
		885EE2FF221EC21800449F68 /* GroupedToken.swift in Sources */ = {isa = PBXBuildFile; fileRef = 8861E3B321D634D50082E088 /* GroupedToken.swift */; };
		885EE300221EC21800449F68 /* RewriteRule+Defaults.swift in Sources */ = {isa = PBXBuildFile; fileRef = 8861E3B421D634D50082E088 /* RewriteRule+Defaults.swift */; };
		885EE301221EC21800449F68 /* FunctionSet.swift in Sources */ = {isa = PBXBuildFile; fileRef = 8861E3B521D634D50082E088 /* FunctionSet.swift */; };
		885EE302221EC21800449F68 /* QuotedVariableExtractor.swift in Sources */ = {isa = PBXBuildFile; fileRef = 8861E3B621D634D50082E088 /* QuotedVariableExtractor.swift */; };
		885EE303221EC21800449F68 /* String.swift in Sources */ = {isa = PBXBuildFile; fileRef = 8861E3B721D634D50082E088 /* String.swift */; };
		885EE304221EC21800449F68 /* Operator+Defaults.swift in Sources */ = {isa = PBXBuildFile; fileRef = 8861E3B821D634D50082E088 /* Operator+Defaults.swift */; };
		885EE305221EC21800449F68 /* OperatorSet.swift in Sources */ = {isa = PBXBuildFile; fileRef = 8861E3B921D634D50082E088 /* OperatorSet.swift */; };
		885EE306221EC21800449F68 /* FractionNumberExtractor.swift in Sources */ = {isa = PBXBuildFile; fileRef = 8861E3BB21D634D50082E088 /* FractionNumberExtractor.swift */; };
		885EE307221EC21800449F68 /* Double.swift in Sources */ = {isa = PBXBuildFile; fileRef = 8861E3BC21D634D50082E088 /* Double.swift */; };
		885EE308221EC21800449F68 /* TokenExtractor.swift in Sources */ = {isa = PBXBuildFile; fileRef = 8861E3BD21D634D50082E088 /* TokenExtractor.swift */; };
		885EE309221EC21800449F68 /* ResolvedToken.swift in Sources */ = {isa = PBXBuildFile; fileRef = 8861E3BE21D634D50082E088 /* ResolvedToken.swift */; };
		885EE30A221EC21800449F68 /* Function.swift in Sources */ = {isa = PBXBuildFile; fileRef = 8861E3BF21D634D50082E088 /* Function.swift */; };
		885EE30B221EC21800449F68 /* OperatorTokenSet.swift in Sources */ = {isa = PBXBuildFile; fileRef = 8861E3C021D634D50082E088 /* OperatorTokenSet.swift */; };
		885EE30C221EC21800449F68 /* TokenGrouper.swift in Sources */ = {isa = PBXBuildFile; fileRef = 8861E3C121D634D50082E088 /* TokenGrouper.swift */; };
		885EE30D221EC21800449F68 /* ExponentExtractor.swift in Sources */ = {isa = PBXBuildFile; fileRef = 8861E3C221D634D50082E088 /* ExponentExtractor.swift */; };
		885EE30E221EC21800449F68 /* TokenResolver.swift in Sources */ = {isa = PBXBuildFile; fileRef = 8861E3C421D634D50082E088 /* TokenResolver.swift */; };
		885EE30F221EC21800449F68 /* DecimalNumberExtractor.swift in Sources */ = {isa = PBXBuildFile; fileRef = 8861E3C521D634D50082E088 /* DecimalNumberExtractor.swift */; };
		885EE310221EC21800449F68 /* TokenCharacterBuffer.swift in Sources */ = {isa = PBXBuildFile; fileRef = 8861E3C621D634D50082E088 /* TokenCharacterBuffer.swift */; };
		885EE311221EC21800449F68 /* Expressionizer.swift in Sources */ = {isa = PBXBuildFile; fileRef = 8861E3C721D634D50082E088 /* Expressionizer.swift */; };
		887182DA21D7B6B100142C6C /* FunctionsTableViewController.swift in Sources */ = {isa = PBXBuildFile; fileRef = 887182D921D7B6B100142C6C /* FunctionsTableViewController.swift */; };
		887182DC21D7C15F00142C6C /* OptionsTableViewController.swift in Sources */ = {isa = PBXBuildFile; fileRef = 887182DB21D7C15F00142C6C /* OptionsTableViewController.swift */; };
		887182E021DBAA5700142C6C /* ResultViewController.swift in Sources */ = {isa = PBXBuildFile; fileRef = 887182DF21DBAA5700142C6C /* ResultViewController.swift */; };
		888BA60322414A0500872D82 /* FunctionDetailTableViewController.swift in Sources */ = {isa = PBXBuildFile; fileRef = 888BA60222414A0500872D82 /* FunctionDetailTableViewController.swift */; };
		8899A92B223FD0E400D5FA06 /* DiscreteInt.swift in Sources */ = {isa = PBXBuildFile; fileRef = 8899A92A223FD0E400D5FA06 /* DiscreteInt.swift */; };
		B5C4889142B70F01BFCC6AB5 /* Pods_Arbitrary.framework in Frameworks */ = {isa = PBXBuildFile; fileRef = 8559AC844E71CA3C4F302D2D /* Pods_Arbitrary.framework */; };
/* End PBXBuildFile section */

/* Begin PBXContainerItemProxy section */
		885EE2C8221EC0D100449F68 /* PBXContainerItemProxy */ = {
			isa = PBXContainerItemProxy;
			containerPortal = 8804E82C21D239B400959CF3 /* Project object */;
			proxyType = 1;
			remoteGlobalIDString = 885EE2BD221EC0D100449F68;
			remoteInfo = Computation;
		};
		885EE2CA221EC0D100449F68 /* PBXContainerItemProxy */ = {
			isa = PBXContainerItemProxy;
			containerPortal = 8804E82C21D239B400959CF3 /* Project object */;
			proxyType = 1;
			remoteGlobalIDString = 8804E83321D239B400959CF3;
			remoteInfo = Arbitrary;
		};
		885EE2D1221EC0D100449F68 /* PBXContainerItemProxy */ = {
			isa = PBXContainerItemProxy;
			containerPortal = 8804E82C21D239B400959CF3 /* Project object */;
			proxyType = 1;
			remoteGlobalIDString = 885EE2BD221EC0D100449F68;
			remoteInfo = Computation;
		};
/* End PBXContainerItemProxy section */

/* Begin PBXCopyFilesBuildPhase section */
		885EE2D8221EC0D100449F68 /* Embed Frameworks */ = {
			isa = PBXCopyFilesBuildPhase;
			buildActionMask = 2147483647;
			dstPath = "";
			dstSubfolderSpec = 10;
			files = (
				885EE2D4221EC0D100449F68 /* Computation.framework in Embed Frameworks */,
			);
			name = "Embed Frameworks";
			runOnlyForDeploymentPostprocessing = 0;
		};
/* End PBXCopyFilesBuildPhase section */

/* Begin PBXFileReference section */
		2053A08CC1EE0B959E72C120 /* Pods_Computation.framework */ = {isa = PBXFileReference; explicitFileType = wrapper.framework; includeInIndex = 0; path = Pods_Computation.framework; sourceTree = BUILT_PRODUCTS_DIR; };
		77BB78EC9FF253F49989AA93 /* Pods-Arbitrary.debug.xcconfig */ = {isa = PBXFileReference; includeInIndex = 1; lastKnownFileType = text.xcconfig; name = "Pods-Arbitrary.debug.xcconfig"; path = "Pods/Target Support Files/Pods-Arbitrary/Pods-Arbitrary.debug.xcconfig"; sourceTree = "<group>"; };
		8419D1E0AFA18AB97C5D90CA /* Pods-Computation.debug.xcconfig */ = {isa = PBXFileReference; includeInIndex = 1; lastKnownFileType = text.xcconfig; name = "Pods-Computation.debug.xcconfig"; path = "Pods/Target Support Files/Pods-Computation/Pods-Computation.debug.xcconfig"; sourceTree = "<group>"; };
		8559AC844E71CA3C4F302D2D /* Pods_Arbitrary.framework */ = {isa = PBXFileReference; explicitFileType = wrapper.framework; includeInIndex = 0; path = Pods_Arbitrary.framework; sourceTree = BUILT_PRODUCTS_DIR; };
		8804E83421D239B400959CF3 /* Discrete.app */ = {isa = PBXFileReference; explicitFileType = wrapper.application; includeInIndex = 0; path = Discrete.app; sourceTree = BUILT_PRODUCTS_DIR; };
		8804E83721D239B400959CF3 /* AppDelegate.swift */ = {isa = PBXFileReference; lastKnownFileType = sourcecode.swift; path = AppDelegate.swift; sourceTree = "<group>"; };
		8804E83C21D239B400959CF3 /* Base */ = {isa = PBXFileReference; lastKnownFileType = file.storyboard; name = Base; path = Base.lproj/Main.storyboard; sourceTree = "<group>"; };
		8804E83E21D239B600959CF3 /* Assets.xcassets */ = {isa = PBXFileReference; lastKnownFileType = folder.assetcatalog; path = Assets.xcassets; sourceTree = "<group>"; };
		8804E84121D239B600959CF3 /* Base */ = {isa = PBXFileReference; lastKnownFileType = file.storyboard; name = Base; path = Base.lproj/LaunchScreen.storyboard; sourceTree = "<group>"; };
		8804E84321D239B600959CF3 /* Info.plist */ = {isa = PBXFileReference; lastKnownFileType = text.plist.xml; path = Info.plist; sourceTree = "<group>"; };
		8804E84921D37B1800959CF3 /* MainTableViewController.swift */ = {isa = PBXFileReference; lastKnownFileType = sourcecode.swift; path = MainTableViewController.swift; sourceTree = "<group>"; };
		885EE2BE221EC0D100449F68 /* Computation.framework */ = {isa = PBXFileReference; explicitFileType = wrapper.framework; includeInIndex = 0; path = Computation.framework; sourceTree = BUILT_PRODUCTS_DIR; };
		885EE2C0221EC0D100449F68 /* Computation.h */ = {isa = PBXFileReference; lastKnownFileType = sourcecode.c.h; path = Computation.h; sourceTree = "<group>"; };
		885EE2C1221EC0D100449F68 /* Info.plist */ = {isa = PBXFileReference; lastKnownFileType = text.plist.xml; path = Info.plist; sourceTree = "<group>"; };
		885EE2C6221EC0D100449F68 /* ComputationTests.xctest */ = {isa = PBXFileReference; explicitFileType = wrapper.cfbundle; includeInIndex = 0; path = ComputationTests.xctest; sourceTree = BUILT_PRODUCTS_DIR; };
		885EE2CD221EC0D100449F68 /* ComputationTests.swift */ = {isa = PBXFileReference; lastKnownFileType = sourcecode.swift; path = ComputationTests.swift; sourceTree = "<group>"; };
		885EE2CF221EC0D100449F68 /* Info.plist */ = {isa = PBXFileReference; lastKnownFileType = text.plist.xml; path = Info.plist; sourceTree = "<group>"; };
		885F23482208B959009F4D89 /* Computation.swift */ = {isa = PBXFileReference; lastKnownFileType = sourcecode.swift; path = Computation.swift; sourceTree = "<group>"; };
		885F234A2208B98C009F4D89 /* Result.swift */ = {isa = PBXFileReference; lastKnownFileType = sourcecode.swift; path = Result.swift; sourceTree = "<group>"; };
		8861E39E21D634D50082E088 /* MathParserErrors.swift */ = {isa = PBXFileReference; fileEncoding = 4; lastKnownFileType = sourcecode.swift; path = MathParserErrors.swift; sourceTree = "<group>"; };
		8861E39F21D634D50082E088 /* LocalizedNumberExtractor.swift */ = {isa = PBXFileReference; fileEncoding = 4; lastKnownFileType = sourcecode.swift; path = LocalizedNumberExtractor.swift; sourceTree = "<group>"; };
		8861E3A021D634D50082E088 /* VariableExtractor.swift */ = {isa = PBXFileReference; fileEncoding = 4; lastKnownFileType = sourcecode.swift; path = VariableExtractor.swift; sourceTree = "<group>"; };
		8861E3A121D634D50082E088 /* OctalNumberExtractor.swift */ = {isa = PBXFileReference; fileEncoding = 4; lastKnownFileType = sourcecode.swift; path = OctalNumberExtractor.swift; sourceTree = "<group>"; };
		8861E3A221D634D50082E088 /* SubstitutionExtensions.swift */ = {isa = PBXFileReference; fileEncoding = 4; lastKnownFileType = sourcecode.swift; path = SubstitutionExtensions.swift; sourceTree = "<group>"; };
		8861E3A321D634D50082E088 /* Either.swift */ = {isa = PBXFileReference; fileEncoding = 4; lastKnownFileType = sourcecode.swift; path = Either.swift; sourceTree = "<group>"; };
		8861E3A421D634D50082E088 /* Evaluator.swift */ = {isa = PBXFileReference; fileEncoding = 4; lastKnownFileType = sourcecode.swift; path = Evaluator.swift; sourceTree = "<group>"; };
		8861E3A521D634D50082E088 /* PeekingIterator.swift */ = {isa = PBXFileReference; fileEncoding = 4; lastKnownFileType = sourcecode.swift; path = PeekingIterator.swift; sourceTree = "<group>"; };
		8861E3A621D634D50082E088 /* Expression.swift */ = {isa = PBXFileReference; fileEncoding = 4; lastKnownFileType = sourcecode.swift; path = Expression.swift; sourceTree = "<group>"; };
		8861E3A721D634D50082E088 /* ExpressionRewriter.swift */ = {isa = PBXFileReference; fileEncoding = 4; lastKnownFileType = sourcecode.swift; path = ExpressionRewriter.swift; sourceTree = "<group>"; };
		8861E3A821D634D50082E088 /* RewriteRule.swift */ = {isa = PBXFileReference; fileEncoding = 4; lastKnownFileType = sourcecode.swift; path = RewriteRule.swift; sourceTree = "<group>"; };
		8861E3AA21D634D50082E088 /* IdentifierExtractor.swift */ = {isa = PBXFileReference; fileEncoding = 4; lastKnownFileType = sourcecode.swift; path = IdentifierExtractor.swift; sourceTree = "<group>"; };
		8861E3AB21D634D50082E088 /* Functions+Defaults.swift */ = {isa = PBXFileReference; fileEncoding = 4; lastKnownFileType = sourcecode.swift; path = "Functions+Defaults.swift"; sourceTree = "<group>"; };
		8861E3AC21D634D50082E088 /* Operator.swift */ = {isa = PBXFileReference; fileEncoding = 4; lastKnownFileType = sourcecode.swift; path = Operator.swift; sourceTree = "<group>"; };
		8861E3AD21D634D50082E088 /* DynamicResolution.swift */ = {isa = PBXFileReference; fileEncoding = 4; lastKnownFileType = sourcecode.swift; path = DynamicResolution.swift; sourceTree = "<group>"; };
		8861E3AE21D634D50082E088 /* Character.swift */ = {isa = PBXFileReference; fileEncoding = 4; lastKnownFileType = sourcecode.swift; path = Character.swift; sourceTree = "<group>"; };
		8861E3AF21D634D50082E088 /* RawToken.swift */ = {isa = PBXFileReference; fileEncoding = 4; lastKnownFileType = sourcecode.swift; path = RawToken.swift; sourceTree = "<group>"; };
		8861E3B021D634D50082E088 /* OperatorExtractor.swift */ = {isa = PBXFileReference; fileEncoding = 4; lastKnownFileType = sourcecode.swift; path = OperatorExtractor.swift; sourceTree = "<group>"; };
		8861E3B121D634D50082E088 /* HexNumberExtractor.swift */ = {isa = PBXFileReference; fileEncoding = 4; lastKnownFileType = sourcecode.swift; path = HexNumberExtractor.swift; sourceTree = "<group>"; };
		8861E3B221D634D50082E088 /* Tokenizer.swift */ = {isa = PBXFileReference; fileEncoding = 4; lastKnownFileType = sourcecode.swift; path = Tokenizer.swift; sourceTree = "<group>"; };
		8861E3B321D634D50082E088 /* GroupedToken.swift */ = {isa = PBXFileReference; fileEncoding = 4; lastKnownFileType = sourcecode.swift; path = GroupedToken.swift; sourceTree = "<group>"; };
		8861E3B421D634D50082E088 /* RewriteRule+Defaults.swift */ = {isa = PBXFileReference; fileEncoding = 4; lastKnownFileType = sourcecode.swift; path = "RewriteRule+Defaults.swift"; sourceTree = "<group>"; };
		8861E3B521D634D50082E088 /* FunctionSet.swift */ = {isa = PBXFileReference; fileEncoding = 4; lastKnownFileType = sourcecode.swift; path = FunctionSet.swift; sourceTree = "<group>"; };
		8861E3B621D634D50082E088 /* QuotedVariableExtractor.swift */ = {isa = PBXFileReference; fileEncoding = 4; lastKnownFileType = sourcecode.swift; path = QuotedVariableExtractor.swift; sourceTree = "<group>"; };
		8861E3B721D634D50082E088 /* String.swift */ = {isa = PBXFileReference; fileEncoding = 4; lastKnownFileType = sourcecode.swift; path = String.swift; sourceTree = "<group>"; };
		8861E3B821D634D50082E088 /* Operator+Defaults.swift */ = {isa = PBXFileReference; fileEncoding = 4; lastKnownFileType = sourcecode.swift; path = "Operator+Defaults.swift"; sourceTree = "<group>"; };
		8861E3B921D634D50082E088 /* OperatorSet.swift */ = {isa = PBXFileReference; fileEncoding = 4; lastKnownFileType = sourcecode.swift; path = OperatorSet.swift; sourceTree = "<group>"; };
		8861E3BB21D634D50082E088 /* FractionNumberExtractor.swift */ = {isa = PBXFileReference; fileEncoding = 4; lastKnownFileType = sourcecode.swift; path = FractionNumberExtractor.swift; sourceTree = "<group>"; };
		8861E3BC21D634D50082E088 /* Double.swift */ = {isa = PBXFileReference; fileEncoding = 4; lastKnownFileType = sourcecode.swift; path = Double.swift; sourceTree = "<group>"; };
		8861E3BD21D634D50082E088 /* TokenExtractor.swift */ = {isa = PBXFileReference; fileEncoding = 4; lastKnownFileType = sourcecode.swift; path = TokenExtractor.swift; sourceTree = "<group>"; };
		8861E3BE21D634D50082E088 /* ResolvedToken.swift */ = {isa = PBXFileReference; fileEncoding = 4; lastKnownFileType = sourcecode.swift; path = ResolvedToken.swift; sourceTree = "<group>"; };
		8861E3BF21D634D50082E088 /* Function.swift */ = {isa = PBXFileReference; fileEncoding = 4; lastKnownFileType = sourcecode.swift; path = Function.swift; sourceTree = "<group>"; };
		8861E3C021D634D50082E088 /* OperatorTokenSet.swift */ = {isa = PBXFileReference; fileEncoding = 4; lastKnownFileType = sourcecode.swift; path = OperatorTokenSet.swift; sourceTree = "<group>"; };
		8861E3C121D634D50082E088 /* TokenGrouper.swift */ = {isa = PBXFileReference; fileEncoding = 4; lastKnownFileType = sourcecode.swift; path = TokenGrouper.swift; sourceTree = "<group>"; };
		8861E3C221D634D50082E088 /* ExponentExtractor.swift */ = {isa = PBXFileReference; fileEncoding = 4; lastKnownFileType = sourcecode.swift; path = ExponentExtractor.swift; sourceTree = "<group>"; };
		8861E3C421D634D50082E088 /* TokenResolver.swift */ = {isa = PBXFileReference; fileEncoding = 4; lastKnownFileType = sourcecode.swift; path = TokenResolver.swift; sourceTree = "<group>"; };
		8861E3C521D634D50082E088 /* DecimalNumberExtractor.swift */ = {isa = PBXFileReference; fileEncoding = 4; lastKnownFileType = sourcecode.swift; path = DecimalNumberExtractor.swift; sourceTree = "<group>"; };
		8861E3C621D634D50082E088 /* TokenCharacterBuffer.swift */ = {isa = PBXFileReference; fileEncoding = 4; lastKnownFileType = sourcecode.swift; path = TokenCharacterBuffer.swift; sourceTree = "<group>"; };
		8861E3C721D634D50082E088 /* Expressionizer.swift */ = {isa = PBXFileReference; fileEncoding = 4; lastKnownFileType = sourcecode.swift; path = Expressionizer.swift; sourceTree = "<group>"; };
		887182D721D77E9000142C6C /* Preferences.swift */ = {isa = PBXFileReference; lastKnownFileType = sourcecode.swift; path = Preferences.swift; sourceTree = "<group>"; };
		887182D921D7B6B100142C6C /* FunctionsTableViewController.swift */ = {isa = PBXFileReference; lastKnownFileType = sourcecode.swift; path = FunctionsTableViewController.swift; sourceTree = "<group>"; };
		887182DB21D7C15F00142C6C /* OptionsTableViewController.swift */ = {isa = PBXFileReference; lastKnownFileType = sourcecode.swift; path = OptionsTableViewController.swift; sourceTree = "<group>"; };
		887182DF21DBAA5700142C6C /* ResultViewController.swift */ = {isa = PBXFileReference; lastKnownFileType = sourcecode.swift; path = ResultViewController.swift; sourceTree = "<group>"; };
		887182E121DD332E00142C6C /* Evaluation.swift */ = {isa = PBXFileReference; lastKnownFileType = sourcecode.swift; path = Evaluation.swift; sourceTree = "<group>"; };
		88728DF421EE24D600A555D3 /* Factorization.swift */ = {isa = PBXFileReference; lastKnownFileType = sourcecode.swift; path = Factorization.swift; sourceTree = "<group>"; };
		888BA60222414A0500872D82 /* FunctionDetailTableViewController.swift */ = {isa = PBXFileReference; lastKnownFileType = sourcecode.swift; path = FunctionDetailTableViewController.swift; sourceTree = "<group>"; };
		888BA6042241532200872D82 /* README.md */ = {isa = PBXFileReference; lastKnownFileType = net.daringfireball.markdown; name = README.md; path = ../README.md; sourceTree = "<group>"; };
		8899A92A223FD0E400D5FA06 /* DiscreteInt.swift */ = {isa = PBXFileReference; lastKnownFileType = sourcecode.swift; path = DiscreteInt.swift; sourceTree = "<group>"; };
		88A6366521DE51FD005915AB /* Constants.swift */ = {isa = PBXFileReference; lastKnownFileType = sourcecode.swift; path = Constants.swift; sourceTree = "<group>"; };
		C096037A0BEF136F168C8EA3 /* Pods-Computation.release.xcconfig */ = {isa = PBXFileReference; includeInIndex = 1; lastKnownFileType = text.xcconfig; name = "Pods-Computation.release.xcconfig"; path = "Pods/Target Support Files/Pods-Computation/Pods-Computation.release.xcconfig"; sourceTree = "<group>"; };
		CA19E59AF7ABD3FCCB5369AE /* Pods-Arbitrary.release.xcconfig */ = {isa = PBXFileReference; includeInIndex = 1; lastKnownFileType = text.xcconfig; name = "Pods-Arbitrary.release.xcconfig"; path = "Pods/Target Support Files/Pods-Arbitrary/Pods-Arbitrary.release.xcconfig"; sourceTree = "<group>"; };
/* End PBXFileReference section */

/* Begin PBXFrameworksBuildPhase section */
		8804E83121D239B400959CF3 /* Frameworks */ = {
			isa = PBXFrameworksBuildPhase;
			buildActionMask = 2147483647;
			files = (
				885EE2D3221EC0D100449F68 /* Computation.framework in Frameworks */,
				B5C4889142B70F01BFCC6AB5 /* Pods_Arbitrary.framework in Frameworks */,
			);
			runOnlyForDeploymentPostprocessing = 0;
		};
		885EE2BB221EC0D100449F68 /* Frameworks */ = {
			isa = PBXFrameworksBuildPhase;
			buildActionMask = 2147483647;
			files = (
				07F7B9FFB35C9B3986EBC18B /* Pods_Computation.framework in Frameworks */,
			);
			runOnlyForDeploymentPostprocessing = 0;
		};
		885EE2C3221EC0D100449F68 /* Frameworks */ = {
			isa = PBXFrameworksBuildPhase;
			buildActionMask = 2147483647;
			files = (
				885EE2C7221EC0D100449F68 /* Computation.framework in Frameworks */,
			);
			runOnlyForDeploymentPostprocessing = 0;
		};
/* End PBXFrameworksBuildPhase section */

/* Begin PBXGroup section */
		4AE6D9EF3DF9458959069D70 /* Pods */ = {
			isa = PBXGroup;
			children = (
				77BB78EC9FF253F49989AA93 /* Pods-Arbitrary.debug.xcconfig */,
				CA19E59AF7ABD3FCCB5369AE /* Pods-Arbitrary.release.xcconfig */,
				8419D1E0AFA18AB97C5D90CA /* Pods-Computation.debug.xcconfig */,
				C096037A0BEF136F168C8EA3 /* Pods-Computation.release.xcconfig */,
			);
			name = Pods;
			sourceTree = "<group>";
		};
		8804E82B21D239B400959CF3 = {
			isa = PBXGroup;
			children = (
				8804E83621D239B400959CF3 /* Discrete */,
				885EE2BF221EC0D100449F68 /* Computation */,
				885EE2CC221EC0D100449F68 /* ComputationTests */,
				8804E83521D239B400959CF3 /* Products */,
				8804E85721D37D7B00959CF3 /* Frameworks */,
				4AE6D9EF3DF9458959069D70 /* Pods */,
			);
			sourceTree = "<group>";
		};
		8804E83521D239B400959CF3 /* Products */ = {
			isa = PBXGroup;
			children = (
				8804E83421D239B400959CF3 /* Discrete.app */,
				885EE2BE221EC0D100449F68 /* Computation.framework */,
				885EE2C6221EC0D100449F68 /* ComputationTests.xctest */,
			);
			name = Products;
			sourceTree = "<group>";
		};
		8804E83621D239B400959CF3 /* Discrete */ = {
			isa = PBXGroup;
			children = (
				888BA6042241532200872D82 /* README.md */,
				88A6366421DE3D78005915AB /* Library */,
				8804E83721D239B400959CF3 /* AppDelegate.swift */,
				8804E84921D37B1800959CF3 /* MainTableViewController.swift */,
				887182DF21DBAA5700142C6C /* ResultViewController.swift */,
				887182D921D7B6B100142C6C /* FunctionsTableViewController.swift */,
				888BA60222414A0500872D82 /* FunctionDetailTableViewController.swift */,
				887182DB21D7C15F00142C6C /* OptionsTableViewController.swift */,
				8804E83B21D239B400959CF3 /* Main.storyboard */,
				8804E83E21D239B600959CF3 /* Assets.xcassets */,
				8804E84021D239B600959CF3 /* LaunchScreen.storyboard */,
				8804E84321D239B600959CF3 /* Info.plist */,
			);
			path = Discrete;
			sourceTree = "<group>";
		};
		8804E85721D37D7B00959CF3 /* Frameworks */ = {
			isa = PBXGroup;
			children = (
				8559AC844E71CA3C4F302D2D /* Pods_Arbitrary.framework */,
				2053A08CC1EE0B959E72C120 /* Pods_Computation.framework */,
			);
			name = Frameworks;
			sourceTree = "<group>";
		};
		885EE2BF221EC0D100449F68 /* Computation */ = {
			isa = PBXGroup;
			children = (
				885EE2C0221EC0D100449F68 /* Computation.h */,
				885F23482208B959009F4D89 /* Computation.swift */,
				8899A92A223FD0E400D5FA06 /* DiscreteInt.swift */,
				885F234A2208B98C009F4D89 /* Result.swift */,
				88728DF421EE24D600A555D3 /* Factorization.swift */,
				88A6366521DE51FD005915AB /* Constants.swift */,
				887182E121DD332E00142C6C /* Evaluation.swift */,
				887182D721D77E9000142C6C /* Preferences.swift */,
				8861E39D21D634D50082E088 /* MathParser */,
				885EE2C1221EC0D100449F68 /* Info.plist */,
			);
			path = Computation;
			sourceTree = "<group>";
		};
		885EE2CC221EC0D100449F68 /* ComputationTests */ = {
			isa = PBXGroup;
			children = (
				885EE2CD221EC0D100449F68 /* ComputationTests.swift */,
				885EE2CF221EC0D100449F68 /* Info.plist */,
			);
			path = ComputationTests;
			sourceTree = "<group>";
		};
		8861E39D21D634D50082E088 /* MathParser */ = {
			isa = PBXGroup;
			children = (
				8861E39E21D634D50082E088 /* MathParserErrors.swift */,
				8861E39F21D634D50082E088 /* LocalizedNumberExtractor.swift */,
				8861E3A021D634D50082E088 /* VariableExtractor.swift */,
				8861E3A121D634D50082E088 /* OctalNumberExtractor.swift */,
				8861E3A221D634D50082E088 /* SubstitutionExtensions.swift */,
				8861E3A321D634D50082E088 /* Either.swift */,
				8861E3A421D634D50082E088 /* Evaluator.swift */,
				8861E3A521D634D50082E088 /* PeekingIterator.swift */,
				8861E3A621D634D50082E088 /* Expression.swift */,
				8861E3A721D634D50082E088 /* ExpressionRewriter.swift */,
				8861E3A821D634D50082E088 /* RewriteRule.swift */,
				8861E3AA21D634D50082E088 /* IdentifierExtractor.swift */,
				8861E3AB21D634D50082E088 /* Functions+Defaults.swift */,
				8861E3AC21D634D50082E088 /* Operator.swift */,
				8861E3AD21D634D50082E088 /* DynamicResolution.swift */,
				8861E3AE21D634D50082E088 /* Character.swift */,
				8861E3AF21D634D50082E088 /* RawToken.swift */,
				8861E3B021D634D50082E088 /* OperatorExtractor.swift */,
				8861E3B121D634D50082E088 /* HexNumberExtractor.swift */,
				8861E3B221D634D50082E088 /* Tokenizer.swift */,
				8861E3B321D634D50082E088 /* GroupedToken.swift */,
				8861E3B421D634D50082E088 /* RewriteRule+Defaults.swift */,
				8861E3B521D634D50082E088 /* FunctionSet.swift */,
				8861E3B621D634D50082E088 /* QuotedVariableExtractor.swift */,
				8861E3B721D634D50082E088 /* String.swift */,
				8861E3B821D634D50082E088 /* Operator+Defaults.swift */,
				8861E3B921D634D50082E088 /* OperatorSet.swift */,
				8861E3BB21D634D50082E088 /* FractionNumberExtractor.swift */,
				8861E3BC21D634D50082E088 /* Double.swift */,
				8861E3BD21D634D50082E088 /* TokenExtractor.swift */,
				8861E3BE21D634D50082E088 /* ResolvedToken.swift */,
				8861E3BF21D634D50082E088 /* Function.swift */,
				8861E3C021D634D50082E088 /* OperatorTokenSet.swift */,
				8861E3C121D634D50082E088 /* TokenGrouper.swift */,
				8861E3C221D634D50082E088 /* ExponentExtractor.swift */,
				8861E3C421D634D50082E088 /* TokenResolver.swift */,
				8861E3C521D634D50082E088 /* DecimalNumberExtractor.swift */,
				8861E3C621D634D50082E088 /* TokenCharacterBuffer.swift */,
				8861E3C721D634D50082E088 /* Expressionizer.swift */,
			);
			path = MathParser;
			sourceTree = "<group>";
		};
		88A6366421DE3D78005915AB /* Library */ = {
			isa = PBXGroup;
			children = (
			);
			path = Library;
			sourceTree = "<group>";
		};
/* End PBXGroup section */

/* Begin PBXHeadersBuildPhase section */
		885EE2B9221EC0D100449F68 /* Headers */ = {
			isa = PBXHeadersBuildPhase;
			buildActionMask = 2147483647;
			files = (
				885EE2D0221EC0D100449F68 /* Computation.h in Headers */,
			);
			runOnlyForDeploymentPostprocessing = 0;
		};
/* End PBXHeadersBuildPhase section */

/* Begin PBXNativeTarget section */
		8804E83321D239B400959CF3 /* Discrete */ = {
			isa = PBXNativeTarget;
			buildConfigurationList = 8804E84621D239B600959CF3 /* Build configuration list for PBXNativeTarget "Discrete" */;
			buildPhases = (
				CBA15D15A5E3B85737822C26 /* [CP] Check Pods Manifest.lock */,
				8804E83021D239B400959CF3 /* Sources */,
				8804E83121D239B400959CF3 /* Frameworks */,
				8804E83221D239B400959CF3 /* Resources */,
				CDD7CEC101C2A8D7D735B68E /* [CP] Embed Pods Frameworks */,
				885EE2D8221EC0D100449F68 /* Embed Frameworks */,
			);
			buildRules = (
			);
			dependencies = (
				885EE2D2221EC0D100449F68 /* PBXTargetDependency */,
			);
			name = Discrete;
			productName = Arbitrary;
			productReference = 8804E83421D239B400959CF3 /* Discrete.app */;
			productType = "com.apple.product-type.application";
		};
		885EE2BD221EC0D100449F68 /* Computation */ = {
			isa = PBXNativeTarget;
			buildConfigurationList = 885EE2D5221EC0D100449F68 /* Build configuration list for PBXNativeTarget "Computation" */;
			buildPhases = (
				52449C5AEA643ED0DD890FE0 /* [CP] Check Pods Manifest.lock */,
				885EE2B9221EC0D100449F68 /* Headers */,
				885EE2BA221EC0D100449F68 /* Sources */,
				885EE2BB221EC0D100449F68 /* Frameworks */,
				885EE2BC221EC0D100449F68 /* Resources */,
			);
			buildRules = (
			);
			dependencies = (
			);
			name = Computation;
			productName = Computation;
			productReference = 885EE2BE221EC0D100449F68 /* Computation.framework */;
			productType = "com.apple.product-type.framework";
		};
		885EE2C5221EC0D100449F68 /* ComputationTests */ = {
			isa = PBXNativeTarget;
			buildConfigurationList = 885EE2D9221EC0D100449F68 /* Build configuration list for PBXNativeTarget "ComputationTests" */;
			buildPhases = (
				885EE2C2221EC0D100449F68 /* Sources */,
				885EE2C3221EC0D100449F68 /* Frameworks */,
				885EE2C4221EC0D100449F68 /* Resources */,
			);
			buildRules = (
			);
			dependencies = (
				885EE2C9221EC0D100449F68 /* PBXTargetDependency */,
				885EE2CB221EC0D100449F68 /* PBXTargetDependency */,
			);
			name = ComputationTests;
			productName = ComputationTests;
			productReference = 885EE2C6221EC0D100449F68 /* ComputationTests.xctest */;
			productType = "com.apple.product-type.bundle.unit-test";
		};
/* End PBXNativeTarget section */

/* Begin PBXProject section */
		8804E82C21D239B400959CF3 /* Project object */ = {
			isa = PBXProject;
			attributes = {
				LastSwiftUpdateCheck = 1010;
				LastUpgradeCheck = 1010;
				ORGANIZATIONNAME = "Sami Yrjänheikki";
				TargetAttributes = {
					8804E83321D239B400959CF3 = {
						CreatedOnToolsVersion = 10.1;
					};
					885EE2BD221EC0D100449F68 = {
						CreatedOnToolsVersion = 10.1;
					};
					885EE2C5221EC0D100449F68 = {
						CreatedOnToolsVersion = 10.1;
						TestTargetID = 8804E83321D239B400959CF3;
					};
				};
			};
			buildConfigurationList = 8804E82F21D239B400959CF3 /* Build configuration list for PBXProject "Discrete" */;
			compatibilityVersion = "Xcode 9.3";
			developmentRegion = en;
			hasScannedForEncodings = 0;
			knownRegions = (
				en,
				Base,
			);
			mainGroup = 8804E82B21D239B400959CF3;
			productRefGroup = 8804E83521D239B400959CF3 /* Products */;
			projectDirPath = "";
			projectRoot = "";
			targets = (
				8804E83321D239B400959CF3 /* Discrete */,
				885EE2BD221EC0D100449F68 /* Computation */,
				885EE2C5221EC0D100449F68 /* ComputationTests */,
			);
		};
/* End PBXProject section */

/* Begin PBXResourcesBuildPhase section */
		8804E83221D239B400959CF3 /* Resources */ = {
			isa = PBXResourcesBuildPhase;
			buildActionMask = 2147483647;
			files = (
				8804E84221D239B600959CF3 /* LaunchScreen.storyboard in Resources */,
				8804E83F21D239B600959CF3 /* Assets.xcassets in Resources */,
				8804E83D21D239B400959CF3 /* Main.storyboard in Resources */,
			);
			runOnlyForDeploymentPostprocessing = 0;
		};
		885EE2BC221EC0D100449F68 /* Resources */ = {
			isa = PBXResourcesBuildPhase;
			buildActionMask = 2147483647;
			files = (
			);
			runOnlyForDeploymentPostprocessing = 0;
		};
		885EE2C4221EC0D100449F68 /* Resources */ = {
			isa = PBXResourcesBuildPhase;
			buildActionMask = 2147483647;
			files = (
			);
			runOnlyForDeploymentPostprocessing = 0;
		};
/* End PBXResourcesBuildPhase section */

/* Begin PBXShellScriptBuildPhase section */
		52449C5AEA643ED0DD890FE0 /* [CP] Check Pods Manifest.lock */ = {
			isa = PBXShellScriptBuildPhase;
			buildActionMask = 2147483647;
			files = (
			);
			inputFileListPaths = (
			);
			inputPaths = (
				"${PODS_PODFILE_DIR_PATH}/Podfile.lock",
				"${PODS_ROOT}/Manifest.lock",
			);
			name = "[CP] Check Pods Manifest.lock";
			outputFileListPaths = (
			);
			outputPaths = (
				"$(DERIVED_FILE_DIR)/Pods-Computation-checkManifestLockResult.txt",
			);
			runOnlyForDeploymentPostprocessing = 0;
			shellPath = /bin/sh;
			shellScript = "diff \"${PODS_PODFILE_DIR_PATH}/Podfile.lock\" \"${PODS_ROOT}/Manifest.lock\" > /dev/null\nif [ $? != 0 ] ; then\n    # print error to STDERR\n    echo \"error: The sandbox is not in sync with the Podfile.lock. Run 'pod install' or update your CocoaPods installation.\" >&2\n    exit 1\nfi\n# This output is used by Xcode 'outputs' to avoid re-running this script phase.\necho \"SUCCESS\" > \"${SCRIPT_OUTPUT_FILE_0}\"\n";
			showEnvVarsInLog = 0;
		};
		CBA15D15A5E3B85737822C26 /* [CP] Check Pods Manifest.lock */ = {
			isa = PBXShellScriptBuildPhase;
			buildActionMask = 2147483647;
			files = (
			);
			inputFileListPaths = (
			);
			inputPaths = (
				"${PODS_PODFILE_DIR_PATH}/Podfile.lock",
				"${PODS_ROOT}/Manifest.lock",
			);
			name = "[CP] Check Pods Manifest.lock";
			outputFileListPaths = (
			);
			outputPaths = (
				"$(DERIVED_FILE_DIR)/Pods-Arbitrary-checkManifestLockResult.txt",
			);
			runOnlyForDeploymentPostprocessing = 0;
			shellPath = /bin/sh;
			shellScript = "diff \"${PODS_PODFILE_DIR_PATH}/Podfile.lock\" \"${PODS_ROOT}/Manifest.lock\" > /dev/null\nif [ $? != 0 ] ; then\n    # print error to STDERR\n    echo \"error: The sandbox is not in sync with the Podfile.lock. Run 'pod install' or update your CocoaPods installation.\" >&2\n    exit 1\nfi\n# This output is used by Xcode 'outputs' to avoid re-running this script phase.\necho \"SUCCESS\" > \"${SCRIPT_OUTPUT_FILE_0}\"\n";
			showEnvVarsInLog = 0;
		};
		CDD7CEC101C2A8D7D735B68E /* [CP] Embed Pods Frameworks */ = {
			isa = PBXShellScriptBuildPhase;
			buildActionMask = 2147483647;
			files = (
			);
			inputFileListPaths = (
			);
			inputPaths = (
				"${PODS_ROOT}/Target Support Files/Pods-Arbitrary/Pods-Arbitrary-frameworks.sh",
				"${BUILT_PRODUCTS_DIR}/BigInt/BigInt.framework",
				"${BUILT_PRODUCTS_DIR}/SipHash/SipHash.framework",
			);
			name = "[CP] Embed Pods Frameworks";
			outputFileListPaths = (
			);
			outputPaths = (
				"${TARGET_BUILD_DIR}/${FRAMEWORKS_FOLDER_PATH}/BigInt.framework",
				"${TARGET_BUILD_DIR}/${FRAMEWORKS_FOLDER_PATH}/SipHash.framework",
			);
			runOnlyForDeploymentPostprocessing = 0;
			shellPath = /bin/sh;
			shellScript = "\"${PODS_ROOT}/Target Support Files/Pods-Arbitrary/Pods-Arbitrary-frameworks.sh\"\n";
			showEnvVarsInLog = 0;
		};
/* End PBXShellScriptBuildPhase section */

/* Begin PBXSourcesBuildPhase section */
		8804E83021D239B400959CF3 /* Sources */ = {
			isa = PBXSourcesBuildPhase;
			buildActionMask = 2147483647;
			files = (
				887182E021DBAA5700142C6C /* ResultViewController.swift in Sources */,
				8804E84A21D37B1800959CF3 /* MainTableViewController.swift in Sources */,
				887182DC21D7C15F00142C6C /* OptionsTableViewController.swift in Sources */,
				887182DA21D7B6B100142C6C /* FunctionsTableViewController.swift in Sources */,
				888BA60322414A0500872D82 /* FunctionDetailTableViewController.swift in Sources */,
				8804E83821D239B400959CF3 /* AppDelegate.swift in Sources */,
			);
			runOnlyForDeploymentPostprocessing = 0;
		};
		885EE2BA221EC0D100449F68 /* Sources */ = {
			isa = PBXSourcesBuildPhase;
			buildActionMask = 2147483647;
			files = (
				885EE307221EC21800449F68 /* Double.swift in Sources */,
				885EE2F0221EC21800449F68 /* Either.swift in Sources */,
				885EE2F3221EC21800449F68 /* Expression.swift in Sources */,
				885EE2EB221EC21800449F68 /* MathParserErrors.swift in Sources */,
				885EE309221EC21800449F68 /* ResolvedToken.swift in Sources */,
				885EE310221EC21800449F68 /* TokenCharacterBuffer.swift in Sources */,
				885EE304221EC21800449F68 /* Operator+Defaults.swift in Sources */,
				885EE301221EC21800449F68 /* FunctionSet.swift in Sources */,
				885EE2EF221EC21800449F68 /* SubstitutionExtensions.swift in Sources */,
				885EE2FF221EC21800449F68 /* GroupedToken.swift in Sources */,
				885EE2EE221EC21800449F68 /* OctalNumberExtractor.swift in Sources */,
				885EE2F8221EC21800449F68 /* Operator.swift in Sources */,
				885EE2E8221EC0EB00449F68 /* Result.swift in Sources */,
				885EE30D221EC21800449F68 /* ExponentExtractor.swift in Sources */,
				885EE300221EC21800449F68 /* RewriteRule+Defaults.swift in Sources */,
				885EE305221EC21800449F68 /* OperatorSet.swift in Sources */,
				8899A92B223FD0E400D5FA06 /* DiscreteInt.swift in Sources */,
				885EE2F1221EC21800449F68 /* Evaluator.swift in Sources */,
				885EE2F5221EC21800449F68 /* RewriteRule.swift in Sources */,
				885EE30F221EC21800449F68 /* DecimalNumberExtractor.swift in Sources */,
				885EE303221EC21800449F68 /* String.swift in Sources */,
				885EE302221EC21800449F68 /* QuotedVariableExtractor.swift in Sources */,
				885EE2F9221EC21800449F68 /* DynamicResolution.swift in Sources */,
				885EE2E5221EC0EB00449F68 /* Computation.swift in Sources */,
				885EE2E4221EC0EB00449F68 /* Factorization.swift in Sources */,
				885EE2F6221EC21800449F68 /* IdentifierExtractor.swift in Sources */,
				885EE308221EC21800449F68 /* TokenExtractor.swift in Sources */,
				885EE2EC221EC21800449F68 /* LocalizedNumberExtractor.swift in Sources */,
				885EE2FA221EC21800449F68 /* Character.swift in Sources */,
				885EE306221EC21800449F68 /* FractionNumberExtractor.swift in Sources */,
				885EE2E9221EC0EB00449F68 /* Constants.swift in Sources */,
				885EE30E221EC21800449F68 /* TokenResolver.swift in Sources */,
				885EE2FE221EC21800449F68 /* Tokenizer.swift in Sources */,
				885EE311221EC21800449F68 /* Expressionizer.swift in Sources */,
				885EE2F7221EC21800449F68 /* Functions+Defaults.swift in Sources */,
				885EE2FC221EC21800449F68 /* OperatorExtractor.swift in Sources */,
				885EE2FB221EC21800449F68 /* RawToken.swift in Sources */,
				885EE2EA221EC1B500449F68 /* Preferences.swift in Sources */,
				885EE2F2221EC21800449F68 /* PeekingIterator.swift in Sources */,
				885EE2F4221EC21800449F68 /* ExpressionRewriter.swift in Sources */,
				885EE30C221EC21800449F68 /* TokenGrouper.swift in Sources */,
				885EE2E7221EC0EB00449F68 /* Evaluation.swift in Sources */,
				885EE30B221EC21800449F68 /* OperatorTokenSet.swift in Sources */,
				885EE2ED221EC21800449F68 /* VariableExtractor.swift in Sources */,
				885EE2FD221EC21800449F68 /* HexNumberExtractor.swift in Sources */,
				885EE30A221EC21800449F68 /* Function.swift in Sources */,
			);
			runOnlyForDeploymentPostprocessing = 0;
		};
		885EE2C2221EC0D100449F68 /* Sources */ = {
			isa = PBXSourcesBuildPhase;
			buildActionMask = 2147483647;
			files = (
				885EE2CE221EC0D100449F68 /* ComputationTests.swift in Sources */,
			);
			runOnlyForDeploymentPostprocessing = 0;
		};
/* End PBXSourcesBuildPhase section */

/* Begin PBXTargetDependency section */
		885EE2C9221EC0D100449F68 /* PBXTargetDependency */ = {
			isa = PBXTargetDependency;
			target = 885EE2BD221EC0D100449F68 /* Computation */;
			targetProxy = 885EE2C8221EC0D100449F68 /* PBXContainerItemProxy */;
		};
		885EE2CB221EC0D100449F68 /* PBXTargetDependency */ = {
			isa = PBXTargetDependency;
			target = 8804E83321D239B400959CF3 /* Discrete */;
			targetProxy = 885EE2CA221EC0D100449F68 /* PBXContainerItemProxy */;
		};
		885EE2D2221EC0D100449F68 /* PBXTargetDependency */ = {
			isa = PBXTargetDependency;
			target = 885EE2BD221EC0D100449F68 /* Computation */;
			targetProxy = 885EE2D1221EC0D100449F68 /* PBXContainerItemProxy */;
		};
/* End PBXTargetDependency section */

/* Begin PBXVariantGroup section */
		8804E83B21D239B400959CF3 /* Main.storyboard */ = {
			isa = PBXVariantGroup;
			children = (
				8804E83C21D239B400959CF3 /* Base */,
			);
			name = Main.storyboard;
			sourceTree = "<group>";
		};
		8804E84021D239B600959CF3 /* LaunchScreen.storyboard */ = {
			isa = PBXVariantGroup;
			children = (
				8804E84121D239B600959CF3 /* Base */,
			);
			name = LaunchScreen.storyboard;
			sourceTree = "<group>";
		};
/* End PBXVariantGroup section */

/* Begin XCBuildConfiguration section */
		8804E84421D239B600959CF3 /* Debug */ = {
			isa = XCBuildConfiguration;
			buildSettings = {
				ALWAYS_SEARCH_USER_PATHS = NO;
				CLANG_ANALYZER_NONNULL = YES;
				CLANG_ANALYZER_NUMBER_OBJECT_CONVERSION = YES_AGGRESSIVE;
				CLANG_CXX_LANGUAGE_STANDARD = "gnu++14";
				CLANG_CXX_LIBRARY = "libc++";
				CLANG_ENABLE_MODULES = YES;
				CLANG_ENABLE_OBJC_ARC = YES;
				CLANG_ENABLE_OBJC_WEAK = YES;
				CLANG_WARN_BLOCK_CAPTURE_AUTORELEASING = YES;
				CLANG_WARN_BOOL_CONVERSION = YES;
				CLANG_WARN_COMMA = YES;
				CLANG_WARN_CONSTANT_CONVERSION = YES;
				CLANG_WARN_DEPRECATED_OBJC_IMPLEMENTATIONS = YES;
				CLANG_WARN_DIRECT_OBJC_ISA_USAGE = YES_ERROR;
				CLANG_WARN_DOCUMENTATION_COMMENTS = YES;
				CLANG_WARN_EMPTY_BODY = YES;
				CLANG_WARN_ENUM_CONVERSION = YES;
				CLANG_WARN_INFINITE_RECURSION = YES;
				CLANG_WARN_INT_CONVERSION = YES;
				CLANG_WARN_NON_LITERAL_NULL_CONVERSION = YES;
				CLANG_WARN_OBJC_IMPLICIT_RETAIN_SELF = YES;
				CLANG_WARN_OBJC_LITERAL_CONVERSION = YES;
				CLANG_WARN_OBJC_ROOT_CLASS = YES_ERROR;
				CLANG_WARN_RANGE_LOOP_ANALYSIS = YES;
				CLANG_WARN_STRICT_PROTOTYPES = YES;
				CLANG_WARN_SUSPICIOUS_MOVE = YES;
				CLANG_WARN_UNGUARDED_AVAILABILITY = YES_AGGRESSIVE;
				CLANG_WARN_UNREACHABLE_CODE = YES;
				CLANG_WARN__DUPLICATE_METHOD_MATCH = YES;
				CODE_SIGN_IDENTITY = "iPhone Developer";
				COPY_PHASE_STRIP = NO;
				DEBUG_INFORMATION_FORMAT = dwarf;
				ENABLE_STRICT_OBJC_MSGSEND = YES;
				ENABLE_TESTABILITY = YES;
				GCC_C_LANGUAGE_STANDARD = gnu11;
				GCC_DYNAMIC_NO_PIC = NO;
				GCC_NO_COMMON_BLOCKS = YES;
				GCC_OPTIMIZATION_LEVEL = 0;
				GCC_PREPROCESSOR_DEFINITIONS = (
					"DEBUG=1",
					"$(inherited)",
				);
				GCC_WARN_64_TO_32_BIT_CONVERSION = YES;
				GCC_WARN_ABOUT_RETURN_TYPE = YES_ERROR;
				GCC_WARN_UNDECLARED_SELECTOR = YES;
				GCC_WARN_UNINITIALIZED_AUTOS = YES_AGGRESSIVE;
				GCC_WARN_UNUSED_FUNCTION = YES;
				GCC_WARN_UNUSED_VARIABLE = YES;
				IPHONEOS_DEPLOYMENT_TARGET = 12.1;
				MTL_ENABLE_DEBUG_INFO = INCLUDE_SOURCE;
				MTL_FAST_MATH = YES;
				ONLY_ACTIVE_ARCH = YES;
				SDKROOT = iphoneos;
				SWIFT_ACTIVE_COMPILATION_CONDITIONS = DEBUG;
				SWIFT_OPTIMIZATION_LEVEL = "-Onone";
			};
			name = Debug;
		};
		8804E84521D239B600959CF3 /* Release */ = {
			isa = XCBuildConfiguration;
			buildSettings = {
				ALWAYS_SEARCH_USER_PATHS = NO;
				CLANG_ANALYZER_NONNULL = YES;
				CLANG_ANALYZER_NUMBER_OBJECT_CONVERSION = YES_AGGRESSIVE;
				CLANG_CXX_LANGUAGE_STANDARD = "gnu++14";
				CLANG_CXX_LIBRARY = "libc++";
				CLANG_ENABLE_MODULES = YES;
				CLANG_ENABLE_OBJC_ARC = YES;
				CLANG_ENABLE_OBJC_WEAK = YES;
				CLANG_WARN_BLOCK_CAPTURE_AUTORELEASING = YES;
				CLANG_WARN_BOOL_CONVERSION = YES;
				CLANG_WARN_COMMA = YES;
				CLANG_WARN_CONSTANT_CONVERSION = YES;
				CLANG_WARN_DEPRECATED_OBJC_IMPLEMENTATIONS = YES;
				CLANG_WARN_DIRECT_OBJC_ISA_USAGE = YES_ERROR;
				CLANG_WARN_DOCUMENTATION_COMMENTS = YES;
				CLANG_WARN_EMPTY_BODY = YES;
				CLANG_WARN_ENUM_CONVERSION = YES;
				CLANG_WARN_INFINITE_RECURSION = YES;
				CLANG_WARN_INT_CONVERSION = YES;
				CLANG_WARN_NON_LITERAL_NULL_CONVERSION = YES;
				CLANG_WARN_OBJC_IMPLICIT_RETAIN_SELF = YES;
				CLANG_WARN_OBJC_LITERAL_CONVERSION = YES;
				CLANG_WARN_OBJC_ROOT_CLASS = YES_ERROR;
				CLANG_WARN_RANGE_LOOP_ANALYSIS = YES;
				CLANG_WARN_STRICT_PROTOTYPES = YES;
				CLANG_WARN_SUSPICIOUS_MOVE = YES;
				CLANG_WARN_UNGUARDED_AVAILABILITY = YES_AGGRESSIVE;
				CLANG_WARN_UNREACHABLE_CODE = YES;
				CLANG_WARN__DUPLICATE_METHOD_MATCH = YES;
				CODE_SIGN_IDENTITY = "iPhone Developer";
				COPY_PHASE_STRIP = NO;
				DEBUG_INFORMATION_FORMAT = "dwarf-with-dsym";
				ENABLE_NS_ASSERTIONS = NO;
				ENABLE_STRICT_OBJC_MSGSEND = YES;
				GCC_C_LANGUAGE_STANDARD = gnu11;
				GCC_NO_COMMON_BLOCKS = YES;
				GCC_WARN_64_TO_32_BIT_CONVERSION = YES;
				GCC_WARN_ABOUT_RETURN_TYPE = YES_ERROR;
				GCC_WARN_UNDECLARED_SELECTOR = YES;
				GCC_WARN_UNINITIALIZED_AUTOS = YES_AGGRESSIVE;
				GCC_WARN_UNUSED_FUNCTION = YES;
				GCC_WARN_UNUSED_VARIABLE = YES;
				IPHONEOS_DEPLOYMENT_TARGET = 12.1;
				MTL_ENABLE_DEBUG_INFO = NO;
				MTL_FAST_MATH = YES;
				SDKROOT = iphoneos;
				SWIFT_COMPILATION_MODE = wholemodule;
				SWIFT_OPTIMIZATION_LEVEL = "-O";
				VALIDATE_PRODUCT = YES;
			};
			name = Release;
		};
		8804E84721D239B600959CF3 /* Debug */ = {
			isa = XCBuildConfiguration;
			baseConfigurationReference = 77BB78EC9FF253F49989AA93 /* Pods-Arbitrary.debug.xcconfig */;
			buildSettings = {
				ALWAYS_EMBED_SWIFT_STANDARD_LIBRARIES = YES;
				ASSETCATALOG_COMPILER_APPICON_NAME = AppIcon;
				CODE_SIGN_STYLE = Automatic;
				DEVELOPMENT_TEAM = 382EB97XNX;
				INFOPLIST_FILE = "$(SRCROOT)/Discrete/Info.plist";
				LD_RUNPATH_SEARCH_PATHS = (
					"$(inherited)",
					"@executable_path/Frameworks",
				);
				PRODUCT_BUNDLE_IDENTIFIER = com.samiyrjanheikki.Discrete;
				PRODUCT_NAME = "$(TARGET_NAME)";
				SWIFT_VERSION = 4.2;
				TARGETED_DEVICE_FAMILY = "1,2";
			};
			name = Debug;
		};
		8804E84821D239B600959CF3 /* Release */ = {
			isa = XCBuildConfiguration;
			baseConfigurationReference = CA19E59AF7ABD3FCCB5369AE /* Pods-Arbitrary.release.xcconfig */;
			buildSettings = {
				ALWAYS_EMBED_SWIFT_STANDARD_LIBRARIES = YES;
				ASSETCATALOG_COMPILER_APPICON_NAME = AppIcon;
				CODE_SIGN_STYLE = Automatic;
				DEVELOPMENT_TEAM = 382EB97XNX;
				INFOPLIST_FILE = "$(SRCROOT)/Discrete/Info.plist";
				LD_RUNPATH_SEARCH_PATHS = (
					"$(inherited)",
					"@executable_path/Frameworks",
				);
				PRODUCT_BUNDLE_IDENTIFIER = com.samiyrjanheikki.Discrete;
				PRODUCT_NAME = "$(TARGET_NAME)";
				SWIFT_VERSION = 4.2;
				TARGETED_DEVICE_FAMILY = "1,2";
			};
			name = Release;
		};
		885EE2D6221EC0D100449F68 /* Debug */ = {
			isa = XCBuildConfiguration;
			baseConfigurationReference = 8419D1E0AFA18AB97C5D90CA /* Pods-Computation.debug.xcconfig */;
			buildSettings = {
				CODE_SIGN_IDENTITY = "";
				CODE_SIGN_STYLE = Automatic;
				CURRENT_PROJECT_VERSION = 1;
				DEFINES_MODULE = YES;
				DEVELOPMENT_TEAM = 382EB97XNX;
				DYLIB_COMPATIBILITY_VERSION = 1;
				DYLIB_CURRENT_VERSION = 1;
				DYLIB_INSTALL_NAME_BASE = "@rpath";
				INFOPLIST_FILE = Computation/Info.plist;
				INSTALL_PATH = "$(LOCAL_LIBRARY_DIR)/Frameworks";
				LD_RUNPATH_SEARCH_PATHS = (
					"$(inherited)",
					"@executable_path/Frameworks",
					"@loader_path/Frameworks",
				);
				PRODUCT_BUNDLE_IDENTIFIER = com.samiyrjanheikki.Computation;
				PRODUCT_NAME = "$(TARGET_NAME:c99extidentifier)";
				SKIP_INSTALL = YES;
				SWIFT_VERSION = 4.2;
				TARGETED_DEVICE_FAMILY = "1,2";
				VERSIONING_SYSTEM = "apple-generic";
				VERSION_INFO_PREFIX = "";
			};
			name = Debug;
		};
		885EE2D7221EC0D100449F68 /* Release */ = {
			isa = XCBuildConfiguration;
			baseConfigurationReference = C096037A0BEF136F168C8EA3 /* Pods-Computation.release.xcconfig */;
			buildSettings = {
				CODE_SIGN_IDENTITY = "";
				CODE_SIGN_STYLE = Automatic;
				CURRENT_PROJECT_VERSION = 1;
				DEFINES_MODULE = YES;
				DEVELOPMENT_TEAM = 382EB97XNX;
				DYLIB_COMPATIBILITY_VERSION = 1;
				DYLIB_CURRENT_VERSION = 1;
				DYLIB_INSTALL_NAME_BASE = "@rpath";
				INFOPLIST_FILE = Computation/Info.plist;
				INSTALL_PATH = "$(LOCAL_LIBRARY_DIR)/Frameworks";
				LD_RUNPATH_SEARCH_PATHS = (
					"$(inherited)",
					"@executable_path/Frameworks",
					"@loader_path/Frameworks",
				);
				PRODUCT_BUNDLE_IDENTIFIER = com.samiyrjanheikki.Computation;
				PRODUCT_NAME = "$(TARGET_NAME:c99extidentifier)";
				SKIP_INSTALL = YES;
				SWIFT_VERSION = 4.2;
				TARGETED_DEVICE_FAMILY = "1,2";
				VERSIONING_SYSTEM = "apple-generic";
				VERSION_INFO_PREFIX = "";
			};
			name = Release;
		};
		885EE2DA221EC0D100449F68 /* Debug */ = {
			isa = XCBuildConfiguration;
			buildSettings = {
				ALWAYS_EMBED_SWIFT_STANDARD_LIBRARIES = YES;
				CODE_SIGN_STYLE = Automatic;
				DEVELOPMENT_TEAM = 382EB97XNX;
				INFOPLIST_FILE = ComputationTests/Info.plist;
				LD_RUNPATH_SEARCH_PATHS = (
					"$(inherited)",
					"@executable_path/Frameworks",
					"@loader_path/Frameworks",
				);
				PRODUCT_BUNDLE_IDENTIFIER = com.samiyrjanheikki.ComputationTests;
				PRODUCT_NAME = "$(TARGET_NAME)";
				SWIFT_VERSION = 4.2;
				TARGETED_DEVICE_FAMILY = "1,2";
				TEST_HOST = "$(BUILT_PRODUCTS_DIR)/Discrete.app/Discrete";
			};
			name = Debug;
		};
		885EE2DB221EC0D100449F68 /* Release */ = {
			isa = XCBuildConfiguration;
			buildSettings = {
				ALWAYS_EMBED_SWIFT_STANDARD_LIBRARIES = YES;
				CODE_SIGN_STYLE = Automatic;
				DEVELOPMENT_TEAM = 382EB97XNX;
				INFOPLIST_FILE = ComputationTests/Info.plist;
				LD_RUNPATH_SEARCH_PATHS = (
					"$(inherited)",
					"@executable_path/Frameworks",
					"@loader_path/Frameworks",
				);
				PRODUCT_BUNDLE_IDENTIFIER = com.samiyrjanheikki.ComputationTests;
				PRODUCT_NAME = "$(TARGET_NAME)";
				SWIFT_VERSION = 4.2;
				TARGETED_DEVICE_FAMILY = "1,2";
				TEST_HOST = "$(BUILT_PRODUCTS_DIR)/Discrete.app/Discrete";
			};
			name = Release;
		};
/* End XCBuildConfiguration section */

/* Begin XCConfigurationList section */
		8804E82F21D239B400959CF3 /* Build configuration list for PBXProject "Discrete" */ = {
			isa = XCConfigurationList;
			buildConfigurations = (
				8804E84421D239B600959CF3 /* Debug */,
				8804E84521D239B600959CF3 /* Release */,
			);
			defaultConfigurationIsVisible = 0;
			defaultConfigurationName = Release;
		};
		8804E84621D239B600959CF3 /* Build configuration list for PBXNativeTarget "Discrete" */ = {
			isa = XCConfigurationList;
			buildConfigurations = (
				8804E84721D239B600959CF3 /* Debug */,
				8804E84821D239B600959CF3 /* Release */,
			);
			defaultConfigurationIsVisible = 0;
			defaultConfigurationName = Release;
		};
		885EE2D5221EC0D100449F68 /* Build configuration list for PBXNativeTarget "Computation" */ = {
			isa = XCConfigurationList;
			buildConfigurations = (
				885EE2D6221EC0D100449F68 /* Debug */,
				885EE2D7221EC0D100449F68 /* Release */,
			);
			defaultConfigurationIsVisible = 0;
			defaultConfigurationName = Release;
		};
		885EE2D9221EC0D100449F68 /* Build configuration list for PBXNativeTarget "ComputationTests" */ = {
			isa = XCConfigurationList;
			buildConfigurations = (
				885EE2DA221EC0D100449F68 /* Debug */,
				885EE2DB221EC0D100449F68 /* Release */,
			);
			defaultConfigurationIsVisible = 0;
			defaultConfigurationName = Release;
		};
/* End XCConfigurationList section */
	};
	rootObject = 8804E82C21D239B400959CF3 /* Project object */;
}
